
Microsoft Visual Studio Solution File, Format Version 12.00
# Visual Studio Version 17
VisualStudioVersion = 17.13.35825.156 d17.13
MinimumVisualStudioVersion = 10.0.40219.1
Project("{FAE04EC0-301F-11D3-BF4B-00C04F79EFBC}") = "CinemaHub", "CinemaHub.csproj", "{43384456-73F5-4A43-A471-58A2F72A2F27}"
EndProject
Global
	GlobalSection(SolutionConfigurationPlatforms) = preSolution
		Debug|Any CPU = Debug|Any CPU
		Release|Any CPU = Release|Any CPU
	EndGlobalSection
	GlobalSection(ProjectConfigurationPlatforms) = postSolution
		{43384456-73F5-4A43-A471-58A2F72A2F27}.Debug|Any CPU.ActiveCfg = Debug|Any CPU
		{43384456-73F5-4A43-A471-58A2F72A2F27}.Debug|Any CPU.Build.0 = Debug|Any CPU
		{43384456-73F5-4A43-A471-58A2F72A2F27}.Release|Any CPU.ActiveCfg = Release|Any CPU
		{43384456-73F5-4A43-A471-58A2F72A2F27}.Release|Any CPU.Build.0 = Release|Any CPU
	EndGlobalSection
	GlobalSection(SolutionProperties) = preSolution
		HideSolutionNode = FALSE
	EndGlobalSection
	GlobalSection(ExtensibilityGlobals) = postSolution
		SolutionGuid = {935474CF-92F6-4E78-86C7-16C8DDFF917B}
	EndGlobalSection
EndGlobal
